
Microsoft Visual Studio Solution File, Format Version 12.00
# Visual Studio Version 17
VisualStudioVersion = 17.3.32901.215
MinimumVisualStudioVersion = 10.0.40219.1
Project("{9A19103F-16F7-4668-BE54-9A1E7A4F7556}") = "AgeCalculator", "AgeCalculator\AgeCalculator.csproj", "{46393E09-ADEA-42F7-BC0F-A38142C89E44}"
EndProject
Project("{FAE04EC0-301F-11D3-BF4B-00C04F79EFBC}") = "AgeTest", "AgeTest\AgeTest.csproj", "{A10511D9-F2EA-49E6-89F1-7D0484F05091}"
EndProject
Global
	GlobalSection(SolutionConfigurationPlatforms) = preSolution
		Debug|Any CPU = Debug|Any CPU
		Release|Any CPU = Release|Any CPU
	EndGlobalSection
	GlobalSection(ProjectConfigurationPlatforms) = postSolution
		{46393E09-ADEA-42F7-BC0F-A38142C89E44}.Debug|Any CPU.ActiveCfg = Debug|Any CPU
		{46393E09-ADEA-42F7-BC0F-A38142C89E44}.Debug|Any CPU.Build.0 = Debug|Any CPU
		{46393E09-ADEA-42F7-BC0F-A38142C89E44}.Release|Any CPU.ActiveCfg = Release|Any CPU
		{46393E09-ADEA-42F7-BC0F-A38142C89E44}.Release|Any CPU.Build.0 = Release|Any CPU
		{A10511D9-F2EA-49E6-89F1-7D0484F05091}.Debug|Any CPU.ActiveCfg = Debug|Any CPU
		{A10511D9-F2EA-49E6-89F1-7D0484F05091}.Debug|Any CPU.Build.0 = Debug|Any CPU
		{A10511D9-F2EA-49E6-89F1-7D0484F05091}.Release|Any CPU.ActiveCfg = Release|Any CPU
		{A10511D9-F2EA-49E6-89F1-7D0484F05091}.Release|Any CPU.Build.0 = Release|Any CPU
	EndGlobalSection
	GlobalSection(SolutionProperties) = preSolution
		HideSolutionNode = FALSE
	EndGlobalSection
	GlobalSection(ExtensibilityGlobals) = postSolution
		SolutionGuid = {CB945D4D-259C-47BE-8C9C-36B07ACE037C}
	EndGlobalSection
EndGlobal
